
Microsoft Visual Studio Solution File, Format Version 12.00
# Visual Studio Version 16
VisualStudioVersion = 16.0.30011.22
MinimumVisualStudioVersion = 10.0.40219.1
Project("{9A19103F-16F7-4668-BE54-9A1E7A4F7556}") = "ReclameAquiDoTrader.Data", "src\ReclameAquiDoTrader.Data\ReclameAquiDoTrader.Data.csproj", "{5C98EDA4-DDFE-4E52-B442-E4CCBD09BD9B}"
EndProject
Project("{9A19103F-16F7-4668-BE54-9A1E7A4F7556}") = "ReclameAquiDoTrader.UI", "src\ReclameAquiDoTrader.UI\ReclameAquiDoTrader.UI.csproj", "{BDD101A9-6DA4-45F2-89F3-9290A0722ABB}"
EndProject
Project("{2150E333-8FDC-42A3-9474-1A3956D46DE8}") = "tests", "tests", "{3790C538-0FA8-408A-B947-9891E88B46BC}"
EndProject
Project("{9A19103F-16F7-4668-BE54-9A1E7A4F7556}") = "ReclameAquiDoTrader.UI.Tests", "tests\ReclameAquiDoTrader.UI.Tests\ReclameAquiDoTrader.UI.Tests.csproj", "{59D307C6-0E35-4C0F-AA5C-6276B377AEFD}"
EndProject
Project("{9A19103F-16F7-4668-BE54-9A1E7A4F7556}") = "ReclameAquiDoTrader.Data.Tests", "tests\ReclameAquiDoTrader.Data.Tests\ReclameAquiDoTrader.Data.Tests.csproj", "{BC8F8E73-D70C-472E-A6B0-7F60F7BD9990}"
EndProject
Project("{9A19103F-16F7-4668-BE54-9A1E7A4F7556}") = "ReclameAquiDoTrader.Business", "src\ReclameAquiDoTrader.Business\ReclameAquiDoTrader.Business.csproj", "{9D33C548-DCD8-4293-ADB7-4EEE0DA3E456}"
EndProject
Project("{9A19103F-16F7-4668-BE54-9A1E7A4F7556}") = "ReclameAquiDoTrader.Business.Tests", "tests\ReclameAquiDoTrader.Business.Tests\ReclameAquiDoTrader.Business.Tests.csproj", "{558BFCD3-1093-4164-AFAB-C56EA055D773}"
EndProject
Global
	GlobalSection(SolutionConfigurationPlatforms) = preSolution
		Debug|Any CPU = Debug|Any CPU
		Release|Any CPU = Release|Any CPU
	EndGlobalSection
	GlobalSection(ProjectConfigurationPlatforms) = postSolution
		{5C98EDA4-DDFE-4E52-B442-E4CCBD09BD9B}.Debug|Any CPU.ActiveCfg = Debug|Any CPU
		{5C98EDA4-DDFE-4E52-B442-E4CCBD09BD9B}.Debug|Any CPU.Build.0 = Debug|Any CPU
		{5C98EDA4-DDFE-4E52-B442-E4CCBD09BD9B}.Release|Any CPU.ActiveCfg = Release|Any CPU
		{5C98EDA4-DDFE-4E52-B442-E4CCBD09BD9B}.Release|Any CPU.Build.0 = Release|Any CPU
		{BDD101A9-6DA4-45F2-89F3-9290A0722ABB}.Debug|Any CPU.ActiveCfg = Debug|Any CPU
		{BDD101A9-6DA4-45F2-89F3-9290A0722ABB}.Debug|Any CPU.Build.0 = Debug|Any CPU
		{BDD101A9-6DA4-45F2-89F3-9290A0722ABB}.Release|Any CPU.ActiveCfg = Release|Any CPU
		{BDD101A9-6DA4-45F2-89F3-9290A0722ABB}.Release|Any CPU.Build.0 = Release|Any CPU
		{59D307C6-0E35-4C0F-AA5C-6276B377AEFD}.Debug|Any CPU.ActiveCfg = Debug|Any CPU
		{59D307C6-0E35-4C0F-AA5C-6276B377AEFD}.Debug|Any CPU.Build.0 = Debug|Any CPU
		{59D307C6-0E35-4C0F-AA5C-6276B377AEFD}.Release|Any CPU.ActiveCfg = Release|Any CPU
		{59D307C6-0E35-4C0F-AA5C-6276B377AEFD}.Release|Any CPU.Build.0 = Release|Any CPU
		{BC8F8E73-D70C-472E-A6B0-7F60F7BD9990}.Debug|Any CPU.ActiveCfg = Debug|Any CPU
		{BC8F8E73-D70C-472E-A6B0-7F60F7BD9990}.Debug|Any CPU.Build.0 = Debug|Any CPU
		{BC8F8E73-D70C-472E-A6B0-7F60F7BD9990}.Release|Any CPU.ActiveCfg = Release|Any CPU
		{BC8F8E73-D70C-472E-A6B0-7F60F7BD9990}.Release|Any CPU.Build.0 = Release|Any CPU
		{9D33C548-DCD8-4293-ADB7-4EEE0DA3E456}.Debug|Any CPU.ActiveCfg = Debug|Any CPU
		{9D33C548-DCD8-4293-ADB7-4EEE0DA3E456}.Debug|Any CPU.Build.0 = Debug|Any CPU
		{9D33C548-DCD8-4293-ADB7-4EEE0DA3E456}.Release|Any CPU.ActiveCfg = Release|Any CPU
		{9D33C548-DCD8-4293-ADB7-4EEE0DA3E456}.Release|Any CPU.Build.0 = Release|Any CPU
		{558BFCD3-1093-4164-AFAB-C56EA055D773}.Debug|Any CPU.ActiveCfg = Debug|Any CPU
		{558BFCD3-1093-4164-AFAB-C56EA055D773}.Debug|Any CPU.Build.0 = Debug|Any CPU
		{558BFCD3-1093-4164-AFAB-C56EA055D773}.Release|Any CPU.ActiveCfg = Release|Any CPU
		{558BFCD3-1093-4164-AFAB-C56EA055D773}.Release|Any CPU.Build.0 = Release|Any CPU
	EndGlobalSection
	GlobalSection(SolutionProperties) = preSolution
		HideSolutionNode = FALSE
	EndGlobalSection
	GlobalSection(NestedProjects) = preSolution
		{59D307C6-0E35-4C0F-AA5C-6276B377AEFD} = {3790C538-0FA8-408A-B947-9891E88B46BC}
		{BC8F8E73-D70C-472E-A6B0-7F60F7BD9990} = {3790C538-0FA8-408A-B947-9891E88B46BC}
		{558BFCD3-1093-4164-AFAB-C56EA055D773} = {3790C538-0FA8-408A-B947-9891E88B46BC}
	EndGlobalSection
	GlobalSection(ExtensibilityGlobals) = postSolution
		SolutionGuid = {D00139E1-8A34-46BA-8960-AC41923335E5}
	EndGlobalSection
EndGlobal
